Microsoft Visual Studio Solution File, Format Version 10.00
# Visual Studio 2008

Project("{B3AF3D43-CEBC-5A29-2EA4-1B02B9B81D84}") = "MTGClient", "Assembly-CSharp.csproj", "{3EE73BF7-9B5D-2179-E3D6-9D6413CB8E79}"
EndProject
Global
	GlobalSection(SolutionConfigurationPlatforms) = preSolution
		Debug|Any CPU = Debug|Any CPU
		Release|Any CPU = Release|Any CPU
	EndGlobalSection
	GlobalSection(ProjectConfigurationPlatforms) = postSolution
		{3EE73BF7-9B5D-2179-E3D6-9D6413CB8E79}.Debug|Any CPU.ActiveCfg = Debug|Any CPU
		{3EE73BF7-9B5D-2179-E3D6-9D6413CB8E79}.Debug|Any CPU.Build.0 = Debug|Any CPU
		{3EE73BF7-9B5D-2179-E3D6-9D6413CB8E79}.Release|Any CPU.ActiveCfg = Release|Any CPU
		{3EE73BF7-9B5D-2179-E3D6-9D6413CB8E79}.Release|Any CPU.Build.0 = Release|Any CPU
	EndGlobalSection
	GlobalSection(SolutionProperties) = preSolution
		HideSolutionNode = FALSE
	EndGlobalSection
	
EndGlobal
